// !$*UTF8*$!
{
	archiveVersion = 1;
	classes = {
	};
	objectVersion = 50;
	objects = {

/* Begin PBXBuildFile section */
		5B5E548022DDD5E300E4F212 /* AppDelegate.swift in Sources */ = {isa = PBXBuildFile; fileRef = 5B5E547F22DDD5E300E4F212 /* AppDelegate.swift */; };
		5B5E548222DDD5E300E4F212 /* ViewController.swift in Sources */ = {isa = PBXBuildFile; fileRef = 5B5E548122DDD5E300E4F212 /* ViewController.swift */; };
		5B5E548522DDD5E300E4F212 /* Main.storyboard in Resources */ = {isa = PBXBuildFile; fileRef = 5B5E548322DDD5E300E4F212 /* Main.storyboard */; };
		5B5E548722DDD5E600E4F212 /* Assets.xcassets in Resources */ = {isa = PBXBuildFile; fileRef = 5B5E548622DDD5E600E4F212 /* Assets.xcassets */; };
		5B5E548A22DDD5E600E4F212 /* LaunchScreen.storyboard in Resources */ = {isa = PBXBuildFile; fileRef = 5B5E548822DDD5E600E4F212 /* LaunchScreen.storyboard */; };
		5B5E549522DDD5E600E4F212 /* fastlane_pruebaTests.swift in Sources */ = {isa = PBXBuildFile; fileRef = 5B5E549422DDD5E600E4F212 /* fastlane_pruebaTests.swift */; };
		5B5E54A022DDD5E600E4F212 /* fastlane_pruebaUITests.swift in Sources */ = {isa = PBXBuildFile; fileRef = 5B5E549F22DDD5E600E4F212 /* fastlane_pruebaUITests.swift */; };
/* End PBXBuildFile section */

/* Begin PBXContainerItemProxy section */
		5B5E549122DDD5E600E4F212 /* PBXContainerItemProxy */ = {
			isa = PBXContainerItemProxy;
			containerPortal = 5B5E547422DDD5E300E4F212 /* Project object */;
			proxyType = 1;
			remoteGlobalIDString = 5B5E547B22DDD5E300E4F212;
			remoteInfo = "fastlane-prueba";
		};
		5B5E549C22DDD5E600E4F212 /* PBXContainerItemProxy */ = {
			isa = PBXContainerItemProxy;
			containerPortal = 5B5E547422DDD5E300E4F212 /* Project object */;
			proxyType = 1;
			remoteGlobalIDString = 5B5E547B22DDD5E300E4F212;
			remoteInfo = "fastlane-prueba";
		};
/* End PBXContainerItemProxy section */

/* Begin PBXFileReference section */
		5B5E547C22DDD5E300E4F212 /* fastlane-prueba.app */ = {isa = PBXFileReference; explicitFileType = wrapper.application; includeInIndex = 0; path = "fastlane-prueba.app"; sourceTree = BUILT_PRODUCTS_DIR; };
		5B5E547F22DDD5E300E4F212 /* AppDelegate.swift */ = {isa = PBXFileReference; lastKnownFileType = sourcecode.swift; path = AppDelegate.swift; sourceTree = "<group>"; };
		5B5E548122DDD5E300E4F212 /* ViewController.swift */ = {isa = PBXFileReference; lastKnownFileType = sourcecode.swift; path = ViewController.swift; sourceTree = "<group>"; };
		5B5E548422DDD5E300E4F212 /* Base */ = {isa = PBXFileReference; lastKnownFileType = file.storyboard; name = Base; path = Base.lproj/Main.storyboard; sourceTree = "<group>"; };
		5B5E548622DDD5E600E4F212 /* Assets.xcassets */ = {isa = PBXFileReference; lastKnownFileType = folder.assetcatalog; path = Assets.xcassets; sourceTree = "<group>"; };
		5B5E548922DDD5E600E4F212 /* Base */ = {isa = PBXFileReference; lastKnownFileType = file.storyboard; name = Base; path = Base.lproj/LaunchScreen.storyboard; sourceTree = "<group>"; };
		5B5E548B22DDD5E600E4F212 /* Info.plist */ = {isa = PBXFileReference; lastKnownFileType = text.plist.xml; path = Info.plist; sourceTree = "<group>"; };
		5B5E549022DDD5E600E4F212 /* fastlane-pruebaTests.xctest */ = {isa = PBXFileReference; explicitFileType = wrapper.cfbundle; includeInIndex = 0; path = "fastlane-pruebaTests.xctest"; sourceTree = BUILT_PRODUCTS_DIR; };
		5B5E549422DDD5E600E4F212 /* fastlane_pruebaTests.swift */ = {isa = PBXFileReference; lastKnownFileType = sourcecode.swift; path = fastlane_pruebaTests.swift; sourceTree = "<group>"; };
		5B5E549622DDD5E600E4F212 /* Info.plist */ = {isa = PBXFileReference; lastKnownFileType = text.plist.xml; path = Info.plist; sourceTree = "<group>"; };
		5B5E549B22DDD5E600E4F212 /* fastlane-pruebaUITests.xctest */ = {isa = PBXFileReference; explicitFileType = wrapper.cfbundle; includeInIndex = 0; path = "fastlane-pruebaUITests.xctest"; sourceTree = BUILT_PRODUCTS_DIR; };
		5B5E549F22DDD5E600E4F212 /* fastlane_pruebaUITests.swift */ = {isa = PBXFileReference; lastKnownFileType = sourcecode.swift; path = fastlane_pruebaUITests.swift; sourceTree = "<group>"; };
		5B5E54A122DDD5E600E4F212 /* Info.plist */ = {isa = PBXFileReference; lastKnownFileType = text.plist.xml; path = Info.plist; sourceTree = "<group>"; };
/* End PBXFileReference section */

/* Begin PBXFrameworksBuildPhase section */
		5B5E547922DDD5E300E4F212 /* Frameworks */ = {
			isa = PBXFrameworksBuildPhase;
			buildActionMask = 2147483647;
			files = (
			);
			runOnlyForDeploymentPostprocessing = 0;
		};
		5B5E548D22DDD5E600E4F212 /* Frameworks */ = {
			isa = PBXFrameworksBuildPhase;
			buildActionMask = 2147483647;
			files = (
			);
			runOnlyForDeploymentPostprocessing = 0;
		};
		5B5E549822DDD5E600E4F212 /* Frameworks */ = {
			isa = PBXFrameworksBuildPhase;
			buildActionMask = 2147483647;
			files = (
			);
			runOnlyForDeploymentPostprocessing = 0;
		};
/* End PBXFrameworksBuildPhase section */

/* Begin PBXGroup section */
		5B5E547322DDD5E300E4F212 = {
			isa = PBXGroup;
			children = (
				5B5E547E22DDD5E300E4F212 /* fastlane-prueba */,
				5B5E549322DDD5E600E4F212 /* fastlane-pruebaTests */,
				5B5E549E22DDD5E600E4F212 /* fastlane-pruebaUITests */,
				5B5E547D22DDD5E300E4F212 /* Products */,
			);
			sourceTree = "<group>";
		};
		5B5E547D22DDD5E300E4F212 /* Products */ = {
			isa = PBXGroup;
			children = (
				5B5E547C22DDD5E300E4F212 /* fastlane-prueba.app */,
				5B5E549022DDD5E600E4F212 /* fastlane-pruebaTests.xctest */,
				5B5E549B22DDD5E600E4F212 /* fastlane-pruebaUITests.xctest */,
			);
			name = Products;
			sourceTree = "<group>";
		};
		5B5E547E22DDD5E300E4F212 /* fastlane-prueba */ = {
			isa = PBXGroup;
			children = (
				5B5E547F22DDD5E300E4F212 /* AppDelegate.swift */,
				5B5E548122DDD5E300E4F212 /* ViewController.swift */,
				5B5E548322DDD5E300E4F212 /* Main.storyboard */,
				5B5E548622DDD5E600E4F212 /* Assets.xcassets */,
				5B5E548822DDD5E600E4F212 /* LaunchScreen.storyboard */,
				5B5E548B22DDD5E600E4F212 /* Info.plist */,
			);
			path = "fastlane-prueba";
			sourceTree = "<group>";
		};
		5B5E549322DDD5E600E4F212 /* fastlane-pruebaTests */ = {
			isa = PBXGroup;
			children = (
				5B5E549422DDD5E600E4F212 /* fastlane_pruebaTests.swift */,
				5B5E549622DDD5E600E4F212 /* Info.plist */,
			);
			path = "fastlane-pruebaTests";
			sourceTree = "<group>";
		};
		5B5E549E22DDD5E600E4F212 /* fastlane-pruebaUITests */ = {
			isa = PBXGroup;
			children = (
				5B5E549F22DDD5E600E4F212 /* fastlane_pruebaUITests.swift */,
				5B5E54A122DDD5E600E4F212 /* Info.plist */,
			);
			path = "fastlane-pruebaUITests";
			sourceTree = "<group>";
		};
/* End PBXGroup section */

/* Begin PBXNativeTarget section */
		5B5E547B22DDD5E300E4F212 /* fastlane-prueba */ = {
			isa = PBXNativeTarget;
			buildConfigurationList = 5B5E54A422DDD5E600E4F212 /* Build configuration list for PBXNativeTarget "fastlane-prueba" */;
			buildPhases = (
				5B5E547822DDD5E300E4F212 /* Sources */,
				5B5E547922DDD5E300E4F212 /* Frameworks */,
				5B5E547A22DDD5E300E4F212 /* Resources */,
			);
			buildRules = (
			);
			dependencies = (
			);
			name = "fastlane-prueba";
			productName = "fastlane-prueba";
			productReference = 5B5E547C22DDD5E300E4F212 /* fastlane-prueba.app */;
			productType = "com.apple.product-type.application";
		};
		5B5E548F22DDD5E600E4F212 /* fastlane-pruebaTests */ = {
			isa = PBXNativeTarget;
			buildConfigurationList = 5B5E54A722DDD5E600E4F212 /* Build configuration list for PBXNativeTarget "fastlane-pruebaTests" */;
			buildPhases = (
				5B5E548C22DDD5E600E4F212 /* Sources */,
				5B5E548D22DDD5E600E4F212 /* Frameworks */,
				5B5E548E22DDD5E600E4F212 /* Resources */,
			);
			buildRules = (
			);
			dependencies = (
				5B5E549222DDD5E600E4F212 /* PBXTargetDependency */,
			);
			name = "fastlane-pruebaTests";
			productName = "fastlane-pruebaTests";
			productReference = 5B5E549022DDD5E600E4F212 /* fastlane-pruebaTests.xctest */;
			productType = "com.apple.product-type.bundle.unit-test";
		};
		5B5E549A22DDD5E600E4F212 /* fastlane-pruebaUITests */ = {
			isa = PBXNativeTarget;
			buildConfigurationList = 5B5E54AA22DDD5E600E4F212 /* Build configuration list for PBXNativeTarget "fastlane-pruebaUITests" */;
			buildPhases = (
				5B5E549722DDD5E600E4F212 /* Sources */,
				5B5E549822DDD5E600E4F212 /* Frameworks */,
				5B5E549922DDD5E600E4F212 /* Resources */,
			);
			buildRules = (
			);
			dependencies = (
				5B5E549D22DDD5E600E4F212 /* PBXTargetDependency */,
			);
			name = "fastlane-pruebaUITests";
			productName = "fastlane-pruebaUITests";
			productReference = 5B5E549B22DDD5E600E4F212 /* fastlane-pruebaUITests.xctest */;
			productType = "com.apple.product-type.bundle.ui-testing";
		};
/* End PBXNativeTarget section */

/* Begin PBXProject section */
		5B5E547422DDD5E300E4F212 /* Project object */ = {
			isa = PBXProject;
			attributes = {
				LastSwiftUpdateCheck = 1010;
				LastUpgradeCheck = 1010;
				ORGANIZATIONNAME = "Adrià González Fernández";
				TargetAttributes = {
					5B5E547B22DDD5E300E4F212 = {
						CreatedOnToolsVersion = 10.1;
					};
					5B5E548F22DDD5E600E4F212 = {
						CreatedOnToolsVersion = 10.1;
						TestTargetID = 5B5E547B22DDD5E300E4F212;
					};
					5B5E549A22DDD5E600E4F212 = {
						CreatedOnToolsVersion = 10.1;
						TestTargetID = 5B5E547B22DDD5E300E4F212;
					};
				};
			};
			buildConfigurationList = 5B5E547722DDD5E300E4F212 /* Build configuration list for PBXProject "fastlane-prueba" */;
			compatibilityVersion = "Xcode 9.3";
			developmentRegion = en;
			hasScannedForEncodings = 0;
			knownRegions = (
				en,
				Base,
			);
			mainGroup = 5B5E547322DDD5E300E4F212;
			productRefGroup = 5B5E547D22DDD5E300E4F212 /* Products */;
			projectDirPath = "";
			projectRoot = "";
			targets = (
				5B5E547B22DDD5E300E4F212 /* fastlane-prueba */,
				5B5E548F22DDD5E600E4F212 /* fastlane-pruebaTests */,
				5B5E549A22DDD5E600E4F212 /* fastlane-pruebaUITests */,
			);
		};
/* End PBXProject section */

/* Begin PBXResourcesBuildPhase section */
		5B5E547A22DDD5E300E4F212 /* Resources */ = {
			isa = PBXResourcesBuildPhase;
			buildActionMask = 2147483647;
			files = (
				5B5E548A22DDD5E600E4F212 /* LaunchScreen.storyboard in Resources */,
				5B5E548722DDD5E600E4F212 /* Assets.xcassets in Resources */,
				5B5E548522DDD5E300E4F212 /* Main.storyboard in Resources */,
			);
			runOnlyForDeploymentPostprocessing = 0;
		};
		5B5E548E22DDD5E600E4F212 /* Resources */ = {
			isa = PBXResourcesBuildPhase;
			buildActionMask = 2147483647;
			files = (
			);
			runOnlyForDeploymentPostprocessing = 0;
		};
		5B5E549922DDD5E600E4F212 /* Resources */ = {
			isa = PBXResourcesBuildPhase;
			buildActionMask = 2147483647;
			files = (
			);
			runOnlyForDeploymentPostprocessing = 0;
		};
/* End PBXResourcesBuildPhase section */

/* Begin PBXSourcesBuildPhase section */
		5B5E547822DDD5E300E4F212 /* Sources */ = {
			isa = PBXSourcesBuildPhase;
			buildActionMask = 2147483647;
			files = (
				5B5E548222DDD5E300E4F212 /* ViewController.swift in Sources */,
				5B5E548022DDD5E300E4F212 /* AppDelegate.swift in Sources */,
			);
			runOnlyForDeploymentPostprocessing = 0;
		};
		5B5E548C22DDD5E600E4F212 /* Sources */ = {
			isa = PBXSourcesBuildPhase;
			buildActionMask = 2147483647;
			files = (
				5B5E549522DDD5E600E4F212 /* fastlane_pruebaTests.swift in Sources */,
			);
			runOnlyForDeploymentPostprocessing = 0;
		};
		5B5E549722DDD5E600E4F212 /* Sources */ = {
			isa = PBXSourcesBuildPhase;
			buildActionMask = 2147483647;
			files = (
				5B5E54A022DDD5E600E4F212 /* fastlane_pruebaUITests.swift in Sources */,
			);
			runOnlyForDeploymentPostprocessing = 0;
		};
/* End PBXSourcesBuildPhase section */

/* Begin PBXTargetDependency section */
		5B5E549222DDD5E600E4F212 /* PBXTargetDependency */ = {
			isa = PBXTargetDependency;
			target = 5B5E547B22DDD5E300E4F212 /* fastlane-prueba */;
			targetProxy = 5B5E549122DDD5E600E4F212 /* PBXContainerItemProxy */;
		};
		5B5E549D22DDD5E600E4F212 /* PBXTargetDependency */ = {
			isa = PBXTargetDependency;
			target = 5B5E547B22DDD5E300E4F212 /* fastlane-prueba */;
			targetProxy = 5B5E549C22DDD5E600E4F212 /* PBXContainerItemProxy */;
		};
/* End PBXTargetDependency section */

/* Begin PBXVariantGroup section */
		5B5E548322DDD5E300E4F212 /* Main.storyboard */ = {
			isa = PBXVariantGroup;
			children = (
				5B5E548422DDD5E300E4F212 /* Base */,
			);
			name = Main.storyboard;
			sourceTree = "<group>";
		};
		5B5E548822DDD5E600E4F212 /* LaunchScreen.storyboard */ = {
			isa = PBXVariantGroup;
			children = (
				5B5E548922DDD5E600E4F212 /* Base */,
			);
			name = LaunchScreen.storyboard;
			sourceTree = "<group>";
		};
/* End PBXVariantGroup section */

/* Begin XCBuildConfiguration section */
		5B5E54A222DDD5E600E4F212 /* Debug */ = {
			isa = XCBuildConfiguration;
			buildSettings = {
				ALWAYS_SEARCH_USER_PATHS = NO;
				CLANG_ANALYZER_NONNULL = YES;
				CLANG_ANALYZER_NUMBER_OBJECT_CONVERSION = YES_AGGRESSIVE;
				CLANG_CXX_LANGUAGE_STANDARD = "gnu++14";
				CLANG_CXX_LIBRARY = "libc++";
				CLANG_ENABLE_MODULES = YES;
				CLANG_ENABLE_OBJC_ARC = YES;
				CLANG_ENABLE_OBJC_WEAK = YES;
				CLANG_WARN_BLOCK_CAPTURE_AUTORELEASING = YES;
				CLANG_WARN_BOOL_CONVERSION = YES;
				CLANG_WARN_COMMA = YES;
				CLANG_WARN_CONSTANT_CONVERSION = YES;
				CLANG_WARN_DEPRECATED_OBJC_IMPLEMENTATIONS = YES;
				CLANG_WARN_DIRECT_OBJC_ISA_USAGE = YES_ERROR;
				CLANG_WARN_DOCUMENTATION_COMMENTS = YES;
				CLANG_WARN_EMPTY_BODY = YES;
				CLANG_WARN_ENUM_CONVERSION = YES;
				CLANG_WARN_INFINITE_RECURSION = YES;
				CLANG_WARN_INT_CONVERSION = YES;
				CLANG_WARN_NON_LITERAL_NULL_CONVERSION = YES;
				CLANG_WARN_OBJC_IMPLICIT_RETAIN_SELF = YES;
				CLANG_WARN_OBJC_LITERAL_CONVERSION = YES;
				CLANG_WARN_OBJC_ROOT_CLASS = YES_ERROR;
				CLANG_WARN_RANGE_LOOP_ANALYSIS = YES;
				CLANG_WARN_STRICT_PROTOTYPES = YES;
				CLANG_WARN_SUSPICIOUS_MOVE = YES;
				CLANG_WARN_UNGUARDED_AVAILABILITY = YES_AGGRESSIVE;
				CLANG_WARN_UNREACHABLE_CODE = YES;
				CLANG_WARN__DUPLICATE_METHOD_MATCH = YES;
				CODE_SIGN_IDENTITY = "iPhone Developer";
				COPY_PHASE_STRIP = NO;
				DEBUG_INFORMATION_FORMAT = dwarf;
				ENABLE_STRICT_OBJC_MSGSEND = YES;
				ENABLE_TESTABILITY = YES;
				GCC_C_LANGUAGE_STANDARD = gnu11;
				GCC_DYNAMIC_NO_PIC = NO;
				GCC_NO_COMMON_BLOCKS = YES;
				GCC_OPTIMIZATION_LEVEL = 0;
				GCC_PREPROCESSOR_DEFINITIONS = (
					"DEBUG=1",
					"$(inherited)",
				);
				GCC_WARN_64_TO_32_BIT_CONVERSION = YES;
				GCC_WARN_ABOUT_RETURN_TYPE = YES_ERROR;
				GCC_WARN_UNDECLARED_SELECTOR = YES;
				GCC_WARN_UNINITIALIZED_AUTOS = YES_AGGRESSIVE;
				GCC_WARN_UNUSED_FUNCTION = YES;
				GCC_WARN_UNUSED_VARIABLE = YES;
				IPHONEOS_DEPLOYMENT_TARGET = 12.1;
				MTL_ENABLE_DEBUG_INFO = INCLUDE_SOURCE;
				MTL_FAST_MATH = YES;
				ONLY_ACTIVE_ARCH = YES;
				SDKROOT = iphoneos;
				SWIFT_ACTIVE_COMPILATION_CONDITIONS = DEBUG;
				SWIFT_OPTIMIZATION_LEVEL = "-Onone";
			};
			name = Debug;
		};
		5B5E54A322DDD5E600E4F212 /* Release */ = {
			isa = XCBuildConfiguration;
			buildSettings = {
				ALWAYS_SEARCH_USER_PATHS = NO;
				CLANG_ANALYZER_NONNULL = YES;
				CLANG_ANALYZER_NUMBER_OBJECT_CONVERSION = YES_AGGRESSIVE;
				CLANG_CXX_LANGUAGE_STANDARD = "gnu++14";
				CLANG_CXX_LIBRARY = "libc++";
				CLANG_ENABLE_MODULES = YES;
				CLANG_ENABLE_OBJC_ARC = YES;
				CLANG_ENABLE_OBJC_WEAK = YES;
				CLANG_WARN_BLOCK_CAPTURE_AUTORELEASING = YES;
				CLANG_WARN_BOOL_CONVERSION = YES;
				CLANG_WARN_COMMA = YES;
				CLANG_WARN_CONSTANT_CONVERSION = YES;
				CLANG_WARN_DEPRECATED_OBJC_IMPLEMENTATIONS = YES;
				CLANG_WARN_DIRECT_OBJC_ISA_USAGE = YES_ERROR;
				CLANG_WARN_DOCUMENTATION_COMMENTS = YES;
				CLANG_WARN_EMPTY_BODY = YES;
				CLANG_WARN_ENUM_CONVERSION = YES;
				CLANG_WARN_INFINITE_RECURSION = YES;
				CLANG_WARN_INT_CONVERSION = YES;
				CLANG_WARN_NON_LITERAL_NULL_CONVERSION = YES;
				CLANG_WARN_OBJC_IMPLICIT_RETAIN_SELF = YES;
				CLANG_WARN_OBJC_LITERAL_CONVERSION = YES;
				CLANG_WARN_OBJC_ROOT_CLASS = YES_ERROR;
				CLANG_WARN_RANGE_LOOP_ANALYSIS = YES;
				CLANG_WARN_STRICT_PROTOTYPES = YES;
				CLANG_WARN_SUSPICIOUS_MOVE = YES;
				CLANG_WARN_UNGUARDED_AVAILABILITY = YES_AGGRESSIVE;
				CLANG_WARN_UNREACHABLE_CODE = YES;
				CLANG_WARN__DUPLICATE_METHOD_MATCH = YES;
				CODE_SIGN_IDENTITY = "iPhone Developer";
				COPY_PHASE_STRIP = NO;
				DEBUG_INFORMATION_FORMAT = "dwarf-with-dsym";
				ENABLE_NS_ASSERTIONS = NO;
				ENABLE_STRICT_OBJC_MSGSEND = YES;
				GCC_C_LANGUAGE_STANDARD = gnu11;
				GCC_NO_COMMON_BLOCKS = YES;
				GCC_WARN_64_TO_32_BIT_CONVERSION = YES;
				GCC_WARN_ABOUT_RETURN_TYPE = YES_ERROR;
				GCC_WARN_UNDECLARED_SELECTOR = YES;
				GCC_WARN_UNINITIALIZED_AUTOS = YES_AGGRESSIVE;
				GCC_WARN_UNUSED_FUNCTION = YES;
				GCC_WARN_UNUSED_VARIABLE = YES;
				IPHONEOS_DEPLOYMENT_TARGET = 12.1;
				MTL_ENABLE_DEBUG_INFO = NO;
				MTL_FAST_MATH = YES;
				SDKROOT = iphoneos;
				SWIFT_COMPILATION_MODE = wholemodule;
				SWIFT_OPTIMIZATION_LEVEL = "-O";
				VALIDATE_PRODUCT = YES;
			};
			name = Release;
		};
		5B5E54A522DDD5E600E4F212 /* Debug */ = {
			isa = XCBuildConfiguration;
			buildSettings = {
				ASSETCATALOG_COMPILER_APPICON_NAME = AppIcon;
				CODE_SIGN_STYLE = Automatic;
				DEVELOPMENT_TEAM = 3WSJD6HPTZ;
				INFOPLIST_FILE = "fastlane-prueba/Info.plist";
				LD_RUNPATH_SEARCH_PATHS = (
					"$(inherited)",
					"@executable_path/Frameworks",
				);
				PRODUCT_BUNDLE_IDENTIFIER = "agoferna.fastlane-prueba";
				PRODUCT_NAME = "$(TARGET_NAME)";
				SWIFT_VERSION = 4.2;
				TARGETED_DEVICE_FAMILY = "1,2";
			};
			name = Debug;
		};
		5B5E54A622DDD5E600E4F212 /* Release */ = {
			isa = XCBuildConfiguration;
			buildSettings = {
				ASSETCATALOG_COMPILER_APPICON_NAME = AppIcon;
				CODE_SIGN_STYLE = Automatic;
				DEVELOPMENT_TEAM = 3WSJD6HPTZ;
				INFOPLIST_FILE = "fastlane-prueba/Info.plist";
				LD_RUNPATH_SEARCH_PATHS = (
					"$(inherited)",
					"@executable_path/Frameworks",
				);
				PRODUCT_BUNDLE_IDENTIFIER = "agoferna.fastlane-prueba";
				PRODUCT_NAME = "$(TARGET_NAME)";
				SWIFT_VERSION = 4.2;
				TARGETED_DEVICE_FAMILY = "1,2";
			};
			name = Release;
		};
		5B5E54A822DDD5E600E4F212 /* Debug */ = {
			isa = XCBuildConfiguration;
			buildSettings = {
				ALWAYS_EMBED_SWIFT_STANDARD_LIBRARIES = YES;
				BUNDLE_LOADER = "$(TEST_HOST)";
				CODE_SIGN_STYLE = Automatic;
				DEVELOPMENT_TEAM = 3WSJD6HPTZ;
				INFOPLIST_FILE = "fastlane-pruebaTests/Info.plist";
				LD_RUNPATH_SEARCH_PATHS = (
					"$(inherited)",
					"@executable_path/Frameworks",
					"@loader_path/Frameworks",
				);
				PRODUCT_BUNDLE_IDENTIFIER = "agoferna.fastlane-pruebaTests";
				PRODUCT_NAME = "$(TARGET_NAME)";
				SWIFT_VERSION = 4.2;
				TARGETED_DEVICE_FAMILY = "1,2";
				TEST_HOST = "$(BUILT_PRODUCTS_DIR)/fastlane-prueba.app/fastlane-prueba";
			};
			name = Debug;
		};
		5B5E54A922DDD5E600E4F212 /* Release */ = {
			isa = XCBuildConfiguration;
			buildSettings = {
				ALWAYS_EMBED_SWIFT_STANDARD_LIBRARIES = YES;
				BUNDLE_LOADER = "$(TEST_HOST)";
				CODE_SIGN_STYLE = Automatic;
				DEVELOPMENT_TEAM = 3WSJD6HPTZ;
				INFOPLIST_FILE = "fastlane-pruebaTests/Info.plist";
				LD_RUNPATH_SEARCH_PATHS = (
					"$(inherited)",
					"@executable_path/Frameworks",
					"@loader_path/Frameworks",
				);
				PRODUCT_BUNDLE_IDENTIFIER = "agoferna.fastlane-pruebaTests";
				PRODUCT_NAME = "$(TARGET_NAME)";
				SWIFT_VERSION = 4.2;
				TARGETED_DEVICE_FAMILY = "1,2";
				TEST_HOST = "$(BUILT_PRODUCTS_DIR)/fastlane-prueba.app/fastlane-prueba";
			};
			name = Release;
		};
		5B5E54AB22DDD5E600E4F212 /* Debug */ = {
			isa = XCBuildConfiguration;
			buildSettings = {
				ALWAYS_EMBED_SWIFT_STANDARD_LIBRARIES = YES;
				CODE_SIGN_STYLE = Automatic;
				DEVELOPMENT_TEAM = 3WSJD6HPTZ;
				INFOPLIST_FILE = "fastlane-pruebaUITests/Info.plist";
				LD_RUNPATH_SEARCH_PATHS = (
					"$(inherited)",
					"@executable_path/Frameworks",
					"@loader_path/Frameworks",
				);
				PRODUCT_BUNDLE_IDENTIFIER = "agoferna.fastlane-pruebaUITests";
				PRODUCT_NAME = "$(TARGET_NAME)";
				SWIFT_VERSION = 4.2;
				TARGETED_DEVICE_FAMILY = "1,2";
				TEST_TARGET_NAME = "fastlane-prueba";
			};
			name = Debug;
		};
		5B5E54AC22DDD5E600E4F212 /* Release */ = {
			isa = XCBuildConfiguration;
			buildSettings = {
				ALWAYS_EMBED_SWIFT_STANDARD_LIBRARIES = YES;
				CODE_SIGN_STYLE = Automatic;
				DEVELOPMENT_TEAM = 3WSJD6HPTZ;
				INFOPLIST_FILE = "fastlane-pruebaUITests/Info.plist";
				LD_RUNPATH_SEARCH_PATHS = (
					"$(inherited)",
					"@executable_path/Frameworks",
					"@loader_path/Frameworks",
				);
				PRODUCT_BUNDLE_IDENTIFIER = "agoferna.fastlane-pruebaUITests";
				PRODUCT_NAME = "$(TARGET_NAME)";
				SWIFT_VERSION = 4.2;
				TARGETED_DEVICE_FAMILY = "1,2";
				TEST_TARGET_NAME = "fastlane-prueba";
			};
			name = Release;
		};
/* End XCBuildConfiguration section */

/* Begin XCConfigurationList section */
		5B5E547722DDD5E300E4F212 /* Build configuration list for PBXProject "fastlane-prueba" */ = {
			isa = XCConfigurationList;
			buildConfigurations = (
				5B5E54A222DDD5E600E4F212 /* Debug */,
				5B5E54A322DDD5E600E4F212 /* Release */,
			);
			defaultConfigurationIsVisible = 0;
			defaultConfigurationName = Release;
		};
		5B5E54A422DDD5E600E4F212 /* Build configuration list for PBXNativeTarget "fastlane-prueba" */ = {
			isa = XCConfigurationList;
			buildConfigurations = (
				5B5E54A522DDD5E600E4F212 /* Debug */,
				5B5E54A622DDD5E600E4F212 /* Release */,
			);
			defaultConfigurationIsVisible = 0;
			defaultConfigurationName = Release;
		};
		5B5E54A722DDD5E600E4F212 /* Build configuration list for PBXNativeTarget "fastlane-pruebaTests" */ = {
			isa = XCConfigurationList;
			buildConfigurations = (
				5B5E54A822DDD5E600E4F212 /* Debug */,
				5B5E54A922DDD5E600E4F212 /* Release */,
			);
			defaultConfigurationIsVisible = 0;
			defaultConfigurationName = Release;
		};
		5B5E54AA22DDD5E600E4F212 /* Build configuration list for PBXNativeTarget "fastlane-pruebaUITests" */ = {
			isa = XCConfigurationList;
			buildConfigurations = (
				5B5E54AB22DDD5E600E4F212 /* Debug */,
				5B5E54AC22DDD5E600E4F212 /* Release */,
			);
			defaultConfigurationIsVisible = 0;
			defaultConfigurationName = Release;
		};
/* End XCConfigurationList section */
	};
	rootObject = 5B5E547422DDD5E300E4F212 /* Project object */;
}
